# This file is automatically @generated by Cargo.
# It is not intended for manual editing.
version = 4

[[package]]
name = "esker-base"
version = "0.1.0"

[[package]]
name = "esker-cli"
version = "0.1.0"

[[package]]
name = "esker-client"
version = "0.1.0"

[[package]]
name = "esker-engine"
version = "0.1.0"

[[package]]
name = "esker-keys"
version = "0.1.0"

[[package]]
name = "esker-pd"
version = "0.1.0"

[[package]]
name = "esker-proto"
version = "0.1.0"

[[package]]
name = "esker-raft"
version = "0.1.0"

[[package]]
name = "esker-sim"
version = "0.1.0"

[[package]]
name = "esker-store"
version = "0.1.0"

[[package]]
name = "esker-txn"
version = "0.1.0"
